<?xml version="1.0" encoding="utf-8"?>
<Project ToolsVersion="4.0" xmlns="http://schemas.microsoft.com/developer/msbuild/2003">
  <ItemGroup>
    <Filter Include="소스 파일">
      <UniqueIdentifier>{4FC737F1-C7A5-4376-A066-2A32D752A2FF}</UniqueIdentifier>
      <Extensions>cpp;c;cc;cxx;def;odl;idl;hpj;bat;asm;asmx</Extensions>
    </Filter>
    <Filter Include="헤더 파일">
      <UniqueIdentifier>{93995380-89BD-4b04-88EB-625FBE52EBFB}</UniqueIdentifier>
      <Extensions>h;hh;hpp;hxx;hm;inl;inc;ipp;xsd</Extensions>
    </Filter>
    <Filter Include="리소스 파일">
      <UniqueIdentifier>{67DA6AB6-F800-4c08-8B7A-83BB121AAD01}</UniqueIdentifier>
      <Extensions>rc;ico;cur;bmp;dlg;rc2;rct;bin;rgs;gif;jpg;jpeg;jpe;resx;tiff;tif;png;wav;mfcribbon-ms</Extensions>
    </Filter>
    <Filter Include="소스 파일\MainGame">
      <UniqueIdentifier>{348846af-3450-4d73-970f-688b93e726d2}</UniqueIdentifier>
    </Filter>
    <Filter Include="소스 파일\Player">
      <UniqueIdentifier>{00a85387-6a4e-449a-ad2b-4fd1b3f9aa48}</UniqueIdentifier>
    </Filter>
    <Filter Include="소스 파일\Object">
      <UniqueIdentifier>{fd248eb6-8b19-4a5a-abd1-686813ad66d7}</UniqueIdentifier>
    </Filter>
    <Filter Include="소스 파일\Bullet">
      <UniqueIdentifier>{daf8b0bb-5349-49fe-b453-4e07e9ae2f7a}</UniqueIdentifier>
    </Filter>
    <Filter Include="소스 파일\Enemy">
      <UniqueIdentifier>{f0f206d3-b987-4f66-bceb-09225f7d3296}</UniqueIdentifier>
    </Filter>
  </ItemGroup>
  <ItemGroup>
    <ClInclude Include="stdafx.h">
      <Filter>헤더 파일</Filter>
    </ClInclude>
    <ClInclude Include="targetver.h">
      <Filter>헤더 파일</Filter>
    </ClInclude>
    <ClInclude Include="Resource.h">
      <Filter>헤더 파일</Filter>
    </ClInclude>
    <ClInclude Include="API Class.h">
      <Filter>헤더 파일</Filter>
    </ClInclude>
    <ClInclude Include="CMainGame.h">
      <Filter>소스 파일\MainGame</Filter>
    </ClInclude>
    <ClInclude Include="CPlayer.h">
      <Filter>소스 파일\Player</Filter>
    </ClInclude>
    <ClInclude Include="CBullet.h">
      <Filter>소스 파일\Bullet</Filter>
    </ClInclude>
    <ClInclude Include="CEnemy.h">
      <Filter>소스 파일\Enemy</Filter>
    </ClInclude>
  </ItemGroup>
  <ItemGroup>
    <ClCompile Include="stdafx.cpp">
      <Filter>소스 파일</Filter>
    </ClCompile>
    <ClCompile Include="API Class.cpp">
      <Filter>소스 파일</Filter>
    </ClCompile>
    <ClCompile Include="CMainGame.cpp">
      <Filter>소스 파일\MainGame</Filter>
    </ClCompile>
    <ClCompile Include="CPlayer.cpp">
      <Filter>소스 파일\Player</Filter>
    </ClCompile>
    <ClCompile Include="CBullet.cpp">
      <Filter>소스 파일\Bullet</Filter>
    </ClCompile>
    <ClCompile Include="CEnemy.cpp">
      <Filter>소스 파일\Enemy</Filter>
    </ClCompile>
  </ItemGroup>
  <ItemGroup>
    <ResourceCompile Include="API Class.rc">
      <Filter>리소스 파일</Filter>
    </ResourceCompile>
  </ItemGroup>
  <ItemGroup>
    <Image Include="small.ico">
      <Filter>리소스 파일</Filter>
    </Image>
    <Image Include="API Class.ico">
      <Filter>리소스 파일</Filter>
    </Image>
  </ItemGroup>
  <ItemGroup>
    <None Include="cpp.hint" />
  </ItemGroup>
</Project>